<?xml version="1.0" encoding="utf-8"?>
<Project ToolsVersion="4.0" xmlns="http://schemas.microsoft.com/developer/msbuild/2003">
  <ItemGroup>
    <ClCompile Include="mboxdrv.cxx" />
    <ClCompile Include="mbox.cxx" />
  </ItemGroup>
  <ItemGroup>
    <ClInclude Include="mbox.hxx" />
  </ItemGroup>
  <ItemGroup>
    <Inf Include="mboxdrv.inx" />
  </ItemGroup>
</Project>