<?xml version="1.0" encoding="utf-8"?>
<Project ToolsVersion="4.0" xmlns="http://schemas.microsoft.com/developer/msbuild/2003">
  <ItemGroup>
    <Filter Include="Source Files">
      <Extensions>cpp;c;cc;cxx;def;odl;idl;hpj;bat;asm;asmx;*</Extensions>
      <UniqueIdentifier>{8B6C0A00-F837-4D16-A67B-98E6936A2729}</UniqueIdentifier>
    </Filter>
    <Filter Include="Header Files">
      <Extensions>h;hpp;hxx;hm;inl;inc;xsd</Extensions>
      <UniqueIdentifier>{0D809CEB-9E9B-4357-B44D-BCDCA1D0A4A5}</UniqueIdentifier>
    </Filter>
  </ItemGroup>
  <ItemGroup>
    <ClCompile Include="BDD.cxx">
      <Filter>Source Files</Filter>
    </ClCompile>
    <ClCompile Include="BDD_DDI.cxx">
      <Filter>Source Files</Filter>
    </ClCompile>
    <ClCompile Include="BDD_DMM.cxx">
      <Filter>Source Files</Filter>
    </ClCompile>
    <ClCompile Include="BDD_Util.cxx">
      <Filter>Source Files</Filter>
    </ClCompile>
    <ClCompile Include="BltFuncs.cxx">
      <Filter>Source Files</Filter>
    </ClCompile>
    <ClCompile Include="BltHw.cxx">
      <Filter>Source Files</Filter>
    </ClCompile>
    <ClCompile Include="memory.cxx">
      <Filter>Source Files</Filter>
    </ClCompile>
    <ClCompile Include="mbox.cxx">
      <Filter>Source Files</Filter>
    </ClCompile>
  </ItemGroup>
  <ItemGroup>
    <ClInclude Include="BDD.hxx">
      <Filter>Header Files</Filter>
    </ClInclude>
    <ClInclude Include="debug.hxx">
      <Filter>Header Files</Filter>
    </ClInclude>
    <ClInclude Include="mbox.hxx">
      <Filter>Header Files</Filter>
    </ClInclude>
  </ItemGroup>
  <ItemGroup>
    <Inf Include="pi4bdd.inx">
      <Filter>Header Files</Filter>
    </Inf>
  </ItemGroup>
</Project>