<?xml version="1.0" encoding="utf-8"?>
<Project ToolsVersion="4.0" xmlns="http://schemas.microsoft.com/developer/msbuild/2003">
  <ItemGroup>
    <Inf Include="mboxtest.inf" />
  </ItemGroup>
  <ItemGroup>
    <ClCompile Include="mbox.cxx" />
    <ClCompile Include="debug.cxx" />
  </ItemGroup>
  <ItemGroup>
    <ClInclude Include="mbox.hxx" />
    <ClInclude Include="debug.hxx" />
  </ItemGroup>
</Project>