
Microsoft Visual Studio Solution File, Format Version 12.00
# Visual Studio Version 16
VisualStudioVersion = 16.0.31005.135
MinimumVisualStudioVersion = 10.0.40219.1
Project("{8BC9CEB8-8B4A-11D0-8D11-00A0C91BC942}") = "mboxtest", "mboxtest.vcxproj", "{29FD8550-F562-4A66-A289-99639725B525}"
EndProject
Global
	GlobalSection(SolutionConfigurationPlatforms) = preSolution
		Debug|ARM = Debug|ARM
		Debug|ARM64 = Debug|ARM64
		Debug|x64 = Debug|x64
		Debug|x86 = Debug|x86
		Release|ARM = Release|ARM
		Release|ARM64 = Release|ARM64
		Release|x64 = Release|x64
		Release|x86 = Release|x86
	EndGlobalSection
	GlobalSection(ProjectConfigurationPlatforms) = postSolution
		{29FD8550-F562-4A66-A289-99639725B525}.Debug|ARM.ActiveCfg = Debug|ARM
		{29FD8550-F562-4A66-A289-99639725B525}.Debug|ARM.Build.0 = Debug|ARM
		{29FD8550-F562-4A66-A289-99639725B525}.Debug|ARM.Deploy.0 = Debug|ARM
		{29FD8550-F562-4A66-A289-99639725B525}.Debug|ARM64.ActiveCfg = Debug|ARM64
		{29FD8550-F562-4A66-A289-99639725B525}.Debug|ARM64.Build.0 = Debug|ARM64
		{29FD8550-F562-4A66-A289-99639725B525}.Debug|ARM64.Deploy.0 = Debug|ARM64
		{29FD8550-F562-4A66-A289-99639725B525}.Debug|x64.ActiveCfg = Debug|x64
		{29FD8550-F562-4A66-A289-99639725B525}.Debug|x64.Build.0 = Debug|x64
		{29FD8550-F562-4A66-A289-99639725B525}.Debug|x64.Deploy.0 = Debug|x64
		{29FD8550-F562-4A66-A289-99639725B525}.Debug|x86.ActiveCfg = Debug|Win32
		{29FD8550-F562-4A66-A289-99639725B525}.Debug|x86.Build.0 = Debug|Win32
		{29FD8550-F562-4A66-A289-99639725B525}.Debug|x86.Deploy.0 = Debug|Win32
		{29FD8550-F562-4A66-A289-99639725B525}.Release|ARM.ActiveCfg = Release|ARM
		{29FD8550-F562-4A66-A289-99639725B525}.Release|ARM.Build.0 = Release|ARM
		{29FD8550-F562-4A66-A289-99639725B525}.Release|ARM.Deploy.0 = Release|ARM
		{29FD8550-F562-4A66-A289-99639725B525}.Release|ARM64.ActiveCfg = Release|ARM64
		{29FD8550-F562-4A66-A289-99639725B525}.Release|ARM64.Build.0 = Release|ARM64
		{29FD8550-F562-4A66-A289-99639725B525}.Release|ARM64.Deploy.0 = Release|ARM64
		{29FD8550-F562-4A66-A289-99639725B525}.Release|x64.ActiveCfg = Release|x64
		{29FD8550-F562-4A66-A289-99639725B525}.Release|x64.Build.0 = Release|x64
		{29FD8550-F562-4A66-A289-99639725B525}.Release|x64.Deploy.0 = Release|x64
		{29FD8550-F562-4A66-A289-99639725B525}.Release|x86.ActiveCfg = Release|Win32
		{29FD8550-F562-4A66-A289-99639725B525}.Release|x86.Build.0 = Release|Win32
		{29FD8550-F562-4A66-A289-99639725B525}.Release|x86.Deploy.0 = Release|Win32
	EndGlobalSection
	GlobalSection(SolutionProperties) = preSolution
		HideSolutionNode = FALSE
	EndGlobalSection
	GlobalSection(ExtensibilityGlobals) = postSolution
		SolutionGuid = {E2A96023-6427-4469-BBCD-C4DD4855A6BA}
	EndGlobalSection
EndGlobal
